
Microsoft Visual Studio Solution File, Format Version 12.00
# Visual Studio Version 16
VisualStudioVersion = 16.0.31410.357
MinimumVisualStudioVersion = 10.0.40219.1
Project("{FAE04EC0-301F-11D3-BF4B-00C04F79EFBC}") = "pipeline", "pipeline\pipeline.csproj", "{71B96D7A-BAA1-4795-8309-D8FB17F249DF}"
EndProject
Global
	GlobalSection(SolutionConfigurationPlatforms) = preSolution
		Debug|Any CPU = Debug|Any CPU
		Release|Any CPU = Release|Any CPU
	EndGlobalSection
	GlobalSection(ProjectConfigurationPlatforms) = postSolution
		{71B96D7A-BAA1-4795-8309-D8FB17F249DF}.Debug|Any CPU.ActiveCfg = Debug|Any CPU
		{71B96D7A-BAA1-4795-8309-D8FB17F249DF}.Debug|Any CPU.Build.0 = Debug|Any CPU
		{71B96D7A-BAA1-4795-8309-D8FB17F249DF}.Release|Any CPU.ActiveCfg = Release|Any CPU
		{71B96D7A-BAA1-4795-8309-D8FB17F249DF}.Release|Any CPU.Build.0 = Release|Any CPU
	EndGlobalSection
	GlobalSection(SolutionProperties) = preSolution
		HideSolutionNode = FALSE
	EndGlobalSection
	GlobalSection(ExtensibilityGlobals) = postSolution
		SolutionGuid = {72F0192D-7D94-48D2-A8A4-D27C96AE437C}
	EndGlobalSection
EndGlobal
